
Microsoft Visual Studio Solution File, Format Version 12.00
# Visual Studio Version 17
VisualStudioVersion = 17.14.36603.0 d17.14
MinimumVisualStudioVersion = 10.0.40219.1
Project("{FAE04EC0-301F-11D3-BF4B-00C04F79EFBC}") = "Repo.HideAndSeek", "Repo.HideAndSeek.csproj", "{CC1099CE-DED5-EE35-386A-F0C450626EBA}"
EndProject
Global
	GlobalSection(SolutionConfigurationPlatforms) = preSolution
		Debug|Any CPU = Debug|Any CPU
		Release|Any CPU = Release|Any CPU
	EndGlobalSection
	GlobalSection(ProjectConfigurationPlatforms) = postSolution
		{CC1099CE-DED5-EE35-386A-F0C450626EBA}.Debug|Any CPU.ActiveCfg = Debug|Any CPU
		{CC1099CE-DED5-EE35-386A-F0C450626EBA}.Debug|Any CPU.Build.0 = Debug|Any CPU
		{CC1099CE-DED5-EE35-386A-F0C450626EBA}.Release|Any CPU.ActiveCfg = Release|Any CPU
		{CC1099CE-DED5-EE35-386A-F0C450626EBA}.Release|Any CPU.Build.0 = Release|Any CPU
	EndGlobalSection
	GlobalSection(SolutionProperties) = preSolution
		HideSolutionNode = FALSE
	EndGlobalSection
	GlobalSection(ExtensibilityGlobals) = postSolution
		SolutionGuid = {94A3D83B-194E-468F-984E-1231C68261C4}
	EndGlobalSection
EndGlobal
